
Microsoft Visual Studio Solution File, Format Version 12.00
# Visual Studio Version 16
VisualStudioVersion = 16.0.36422.26
MinimumVisualStudioVersion = 10.0.40219.1
Project("{FAE04EC0-301F-11D3-BF4B-00C04F79EFBC}") = "HealthTrack360", "HealthTrack360\HealthTrack360.csproj", "{18CCDF46-A4B4-4BB3-9EF7-F2A3400283B0}"
EndProject
Global
	GlobalSection(SolutionConfigurationPlatforms) = preSolution
		Debug|Any CPU = Debug|Any CPU
		Release|Any CPU = Release|Any CPU
	EndGlobalSection
	GlobalSection(ProjectConfigurationPlatforms) = postSolution
		{18CCDF46-A4B4-4BB3-9EF7-F2A3400283B0}.Debug|Any CPU.ActiveCfg = Debug|Any CPU
		{18CCDF46-A4B4-4BB3-9EF7-F2A3400283B0}.Debug|Any CPU.Build.0 = Debug|Any CPU
		{18CCDF46-A4B4-4BB3-9EF7-F2A3400283B0}.Release|Any CPU.ActiveCfg = Release|Any CPU
		{18CCDF46-A4B4-4BB3-9EF7-F2A3400283B0}.Release|Any CPU.Build.0 = Release|Any CPU
	EndGlobalSection
	GlobalSection(SolutionProperties) = preSolution
		HideSolutionNode = FALSE
	EndGlobalSection
	GlobalSection(ExtensibilityGlobals) = postSolution
		SolutionGuid = {904DF573-C351-4EAC-8CCC-A00DF14C9331}
	EndGlobalSection
EndGlobal
